{
  "R": {
    "Version": "4.1.0",
    "Repositories": [
      {
        "Name": "CRAN",
        "URL": "https://cran.rstudio.com"
      }
    ]
  },
  "Packages": {
    "BH": {
      "Package": "BH",
      "Version": "1.75.0-0",
      "Source": "Repository",
      "Repository": "CRAN",
      "Hash": "8b3758a480299431b8f83bdebdb6cf40"
    },
    "BiocManager": {
      "Package": "BiocManager",
      "Version": "1.30.16",
      "Source": "Repository",
      "Repository": "CRAN",
      "Hash": "6a13606c496c67f98e6ffc4d22f6097d"
    },
    "MASS": {
      "Package": "MASS",
      "Version": "7.3-54",
      "Source": "Repository",
      "Repository": "CRAN",
      "Hash": "2fca71b6024172dc983c60803985effc"
    },
    "Matrix": {
      "Package": "Matrix",
      "Version": "1.3-3",
      "Source": "Repository",
      "Repository": "CRAN",
      "Hash": "52d0cb0d30e10c9a470dea7accfc9d7e"
    },
    "MplusAutomation": {
      "Package": "MplusAutomation",
      "Version": "1.0.0",
      "Source": "Bioconductor",
      "Repository": "CRAN",
      "Hash": "8cc0edb0cf771ba6a9f1e19a21e39dbb"
    },
    "OpenMx": {
      "Package": "OpenMx",
      "Version": "2.19.6",
      "Source": "Repository",
      "Repository": "CRAN",
      "Hash": "f674e961c2b37a390115f2cf3330c2dd"
    },
    "R6": {
      "Package": "R6",
      "Version": "2.5.0",
      "Source": "Repository",
      "Repository": "CRAN",
      "Hash": "1b0513a91d2ca488f80c9c6959e75e13"
    },
    "RColorBrewer": {
      "Package": "RColorBrewer",
      "Version": "1.1-2",
      "Source": "Repository",
      "Repository": "CRAN",
      "Hash": "b4208c72b1aa76c709c59992871ea553"
    },
    "Rcpp": {
      "Package": "Rcpp",
      "Version": "1.0.7",
      "Source": "Repository",
      "Repository": "CRAN",
      "Hash": "f670ce26f613049fddff61e4da41afda"
    },
    "RcppEigen": {
      "Package": "RcppEigen",
      "Version": "0.3.3.9.1",
      "Source": "Repository",
      "Repository": "CRAN",
      "Hash": "73105032d34c1b8a4f1632c5d231a64a"
    },
    "RcppParallel": {
      "Package": "RcppParallel",
      "Version": "5.1.4",
      "Source": "Repository",
      "Repository": "CRAN",
      "Hash": "38def180318a1356b381d8e81d913740"
    },
    "StanHeaders": {
      "Package": "StanHeaders",
      "Version": "2.21.0-7",
      "Source": "Repository",
      "Repository": "CRAN",
      "Hash": "44bcd82a4e8f61273f1d25a7d103bc69"
    },
    "askpass": {
      "Package": "askpass",
      "Version": "1.1",
      "Source": "Repository",
      "Repository": "CRAN",
      "Hash": "3a5b3b3d135e0b3b32a3bdaac7406d04"
    },
    "assertthat": {
      "Package": "assertthat",
      "Version": "0.2.1",
      "Source": "Repository",
      "Repository": "CRAN",
      "Hash": "f5a5ef0047f455605f3548b3677e47bb"
    },
    "backports": {
      "Package": "backports",
      "Version": "1.2.1",
      "Source": "Repository",
      "Repository": "CRAN",
      "Hash": "fcc3258d4bf4e13fcd195c6861019bee"
    },
    "base64enc": {
      "Package": "base64enc",
      "Version": "0.1-3",
      "Source": "Repository",
      "Repository": "CRAN",
      "Hash": "5821913bb3f01762d27faf94b2f61023"
    },
    "bookdown": {
      "Package": "bookdown",
      "Version": "0.22",
      "Source": "Repository",
      "Repository": "CRAN",
      "Hash": "6d75c1632166487cbb9a51b5d129e8bc"
    },
    "boot": {
      "Package": "boot",
      "Version": "1.3-28",
      "Source": "Repository",
      "Repository": "CRAN",
      "Hash": "55e775d6926b9129ecc9aa2811342e90"
    },
    "brio": {
      "Package": "brio",
      "Version": "1.1.2",
      "Source": "Repository",
      "Repository": "CRAN",
      "Hash": "9d0c347fe4c66cb736ccbfb4bb3868ab"
    },
    "broom": {
      "Package": "broom",
      "Version": "0.7.8.9000",
      "Source": "GitHub",
      "RemoteType": "github",
      "RemoteHost": "api.github.com",
      "RemoteRepo": "broom",
      "RemoteUsername": "tidymodels",
      "RemoteRef": "HEAD",
      "RemoteSha": "4cc9d07fcd15399c2d7f9144a2c6a31b30bdf0f9",
      "Hash": "bd01bb0b65a13f12d6e7afc2ed33a5f8"
    },
    "callr": {
      "Package": "callr",
      "Version": "3.7.0",
      "Source": "Repository",
      "Repository": "CRAN",
      "Hash": "98f76a7e6eb03ceec4b3906de253985e"
    },
    "checkmate": {
      "Package": "checkmate",
      "Version": "2.0.0",
      "Source": "Repository",
      "Repository": "CRAN",
      "Hash": "c346db67b7a3f28d7bb7201cd151a656"
    },
    "cli": {
      "Package": "cli",
      "Version": "3.0.1",
      "Source": "Repository",
      "Repository": "CRAN",
      "Hash": "f9727245c249dee2cce357fd6b055984"
    },
    "coda": {
      "Package": "coda",
      "Version": "0.19-4",
      "Source": "Repository",
      "Repository": "CRAN",
      "Hash": "34185733241eaf26d1b52dae3dd21cb4"
    },
    "codetools": {
      "Package": "codetools",
      "Version": "0.2-18",
      "Source": "Repository",
      "Repository": "CRAN",
      "Hash": "6d81d80d4e3d5c29b8883005407d4a0a"
    },
    "colorspace": {
      "Package": "colorspace",
      "Version": "2.0-2",
      "Source": "Repository",
      "Repository": "CRAN",
      "Hash": "255487172dda79391c52e3691c9a5729"
    },
    "cpp11": {
      "Package": "cpp11",
      "Version": "0.3.1",
      "Source": "Repository",
      "Repository": "CRAN",
      "Hash": "c8b7290f3102fc92eb0e7099095fe2f7"
    },
    "crayon": {
      "Package": "crayon",
      "Version": "1.4.1",
      "Source": "Repository",
      "Repository": "CRAN",
      "Hash": "8e9c6d5daa2093a98373620666cbdf3e"
    },
    "curl": {
      "Package": "curl",
      "Version": "4.3.2",
      "Source": "Repository",
      "Repository": "CRAN",
      "Hash": "388c13c1535ea4fac094606acaa20b04"
    },
    "data.table": {
      "Package": "data.table",
      "Version": "1.14.0",
      "Source": "Repository",
      "Repository": "CRAN",
      "Hash": "5401b64a2570bf89e89955ddf09ba3dc"
    },
    "desc": {
      "Package": "desc",
      "Version": "1.3.0",
      "Source": "Repository",
      "Repository": "CRAN",
      "Hash": "d41ecfd1be34e9ce09c3b4228b320a39"
    },
    "diffobj": {
      "Package": "diffobj",
      "Version": "0.3.4",
      "Source": "Repository",
      "Repository": "CRAN",
      "Hash": "e4e94d2b35f4de77e6de4e7070e8ded0"
    },
    "digest": {
      "Package": "digest",
      "Version": "0.6.27",
      "Source": "Repository",
      "Repository": "CRAN",
      "Hash": "240562e9648f5047b7a279b7f9bba289"
    },
    "doParallel": {
      "Package": "doParallel",
      "Version": "1.0.16",
      "Source": "Repository",
      "Repository": "CRAN",
      "Hash": "68b4656bddbcb3453606aaededa83c8e"
    },
    "dplyr": {
      "Package": "dplyr",
      "Version": "1.0.7",
      "Source": "Repository",
      "Repository": "CRAN",
      "Hash": "c2b3c959b4ee9e7dc62859c94990c8c5"
    },
    "ellipsis": {
      "Package": "ellipsis",
      "Version": "0.3.2",
      "Source": "Repository",
      "Repository": "CRAN",
      "Hash": "9c9e268e7d927f0bac25ade2b14135b1"
    },
    "english": {
      "Package": "english",
      "Version": "1.2-5",
      "Source": "Repository",
      "Repository": "CRAN",
      "Hash": "82cf3aca7d04f4cff485d83c6a96c2fd"
    },
    "evaluate": {
      "Package": "evaluate",
      "Version": "0.14",
      "Source": "Repository",
      "Repository": "CRAN",
      "Hash": "efa65844c98bdf53b46961574be90442"
    },
    "fansi": {
      "Package": "fansi",
      "Version": "0.5.0",
      "Source": "Repository",
      "Repository": "CRAN",
      "Hash": "cca821fa5f0f219f9d08112d67d86172"
    },
    "farver": {
      "Package": "farver",
      "Version": "2.1.0",
      "Source": "Repository",
      "Repository": "CRAN",
      "Hash": "28e3a263309b8b0851312702a4676eec"
    },
    "fastDummies": {
      "Package": "fastDummies",
      "Version": "1.6.3",
      "Source": "Repository",
      "Repository": "CRAN",
      "Hash": "4fbb13c09b4cdc9a2451a7a60f81db25"
    },
    "foreach": {
      "Package": "foreach",
      "Version": "1.5.1",
      "Source": "Repository",
      "Repository": "CRAN",
      "Hash": "fc8f15ba095746ac22bcbfe5a2ce83b0"
    },
    "generics": {
      "Package": "generics",
      "Version": "0.1.0",
      "Source": "Repository",
      "Repository": "CRAN",
      "Hash": "f6af45d2645b21494be288f6c07c1410"
    },
    "ggplot2": {
      "Package": "ggplot2",
      "Version": "3.3.5",
      "Source": "Repository",
      "Repository": "CRAN",
      "Hash": "9b2a446debde47c27cdeb4b5b9dbc262"
    },
    "glue": {
      "Package": "glue",
      "Version": "1.4.2",
      "Source": "Repository",
      "Repository": "CRAN",
      "Hash": "227f5a86c8640824e13ec45ffc2b885a"
    },
    "gsubfn": {
      "Package": "gsubfn",
      "Version": "0.7",
      "Source": "Repository",
      "Repository": "CRAN",
      "Hash": "3e4189dbb08c827d83b7e5d8373e13a7"
    },
    "gtable": {
      "Package": "gtable",
      "Version": "0.3.0",
      "Source": "Repository",
      "Repository": "CRAN",
      "Hash": "79457c7a6163defdc87d48a33e3a51e4"
    },
    "highr": {
      "Package": "highr",
      "Version": "0.9",
      "Source": "Repository",
      "Repository": "CRAN",
      "Hash": "e49087764b51eb57bf4c51f8cc75f166"
    },
    "htmltools": {
      "Package": "htmltools",
      "Version": "0.5.1.1",
      "Source": "Repository",
      "Repository": "CRAN",
      "Hash": "f203364fabaf6c642e2ef561a414f032"
    },
    "httr": {
      "Package": "httr",
      "Version": "1.4.2",
      "Source": "Repository",
      "Repository": "CRAN",
      "Hash": "a5d8a194fa6459d13709729ce98a7250"
    },
    "igraph": {
      "Package": "igraph",
      "Version": "1.2.6",
      "Source": "Repository",
      "Repository": "CRAN",
      "Hash": "546dc2f33fc7e659b926b57eaae32a09"
    },
    "isoband": {
      "Package": "isoband",
      "Version": "0.2.5",
      "Source": "Repository",
      "Repository": "CRAN",
      "Hash": "2b74fe640a8c1181b07c8afc71ffd6ee"
    },
    "iterators": {
      "Package": "iterators",
      "Version": "1.0.13",
      "Source": "Repository",
      "Repository": "CRAN",
      "Hash": "199df9ecccb3fe691d70c48e8f5b5874"
    },
    "jsonlite": {
      "Package": "jsonlite",
      "Version": "1.7.2",
      "Source": "Repository",
      "Repository": "CRAN",
      "Hash": "d120449711da1443ab96ffd9d7a25f9a"
    },
    "knitr": {
      "Package": "knitr",
      "Version": "1.33",
      "Source": "Repository",
      "Repository": "CRAN",
      "Hash": "7418f927be290b5720ce4fd4a5bf3e79"
    },
    "labeling": {
      "Package": "labeling",
      "Version": "0.4.2",
      "Source": "Repository",
      "Repository": "CRAN",
      "Hash": "97d3e6112688252c5b04c1851d3f56aa"
    },
    "lattice": {
      "Package": "lattice",
      "Version": "0.20-44",
      "Source": "Repository",
      "Repository": "CRAN",
      "Hash": "9f39f211a5dfd5fc982e679fe4bc2bf3"
    },
    "lavaan": {
      "Package": "lavaan",
      "Version": "0.6-9",
      "Source": "Repository",
      "Repository": "CRAN",
      "Hash": "ce1d2b7dbaae754209be6a43abe9fa97"
    },
    "lifecycle": {
      "Package": "lifecycle",
      "Version": "1.0.0",
      "Source": "Repository",
      "Repository": "CRAN",
      "Hash": "34fc5f650e21c53bb7ba6dcc2770dfcb"
    },
    "magrittr": {
      "Package": "magrittr",
      "Version": "2.0.1",
      "Source": "Repository",
      "Repository": "CRAN",
      "Hash": "50f8c063876e41e9bedc67b43cdd0cee"
    },
    "markdown": {
      "Package": "markdown",
      "Version": "1.1",
      "Source": "Repository",
      "Repository": "CRAN",
      "Hash": "2044f88bcc3cbf366aa8049158b29c98"
    },
    "mclust": {
      "Package": "mclust",
      "Version": "5.4.7",
      "Source": "Repository",
      "Repository": "CRAN",
      "Hash": "8bf0a2859e43526c334a0a8608dbba0a"
    },
    "mgcv": {
      "Package": "mgcv",
      "Version": "1.8-35",
      "Source": "Repository",
      "Repository": "CRAN",
      "Hash": "2213ded1e108e0e9b9ffa9963d63e7ae"
    },
    "mime": {
      "Package": "mime",
      "Version": "0.11",
      "Source": "Repository",
      "Repository": "CRAN",
      "Hash": "a05292be5c5f68011f9db7b8347cf2a4"
    },
    "mix": {
      "Package": "mix",
      "Version": "1.0-10",
      "Source": "Repository",
      "Repository": "CRAN",
      "Hash": "98b706cfc8694320439145216be9d6cc"
    },
    "mnormt": {
      "Package": "mnormt",
      "Version": "2.0.2",
      "Source": "Repository",
      "Repository": "CRAN",
      "Hash": "c623f39e6a36886d17cd30bc4fa4efc3"
    },
    "munsell": {
      "Package": "munsell",
      "Version": "0.5.0",
      "Source": "Repository",
      "Repository": "CRAN",
      "Hash": "f5a77059510c3cf7c8d793d2623ee4ba"
    },
    "mvtnorm": {
      "Package": "mvtnorm",
      "Version": "1.1-2",
      "Source": "Repository",
      "Repository": "CRAN",
      "Hash": "d563c6b2d5b19092f81fbf19daf3c498"
    },
    "nlme": {
      "Package": "nlme",
      "Version": "3.1-152",
      "Source": "Repository",
      "Repository": "CRAN",
      "Hash": "a829cc5f464da79942725cc0998a527c"
    },
    "numDeriv": {
      "Package": "numDeriv",
      "Version": "2016.8-1.1",
      "Source": "Repository",
      "Repository": "CRAN",
      "Hash": "f75bf725e9d858034fd7ba9b53f5a60e"
    },
    "openssl": {
      "Package": "openssl",
      "Version": "1.4.4",
      "Source": "Repository",
      "Repository": "CRAN",
      "Hash": "7da0b770832fceb9235ef2681c05bd21"
    },
    "pander": {
      "Package": "pander",
      "Version": "0.6.4",
      "Source": "Repository",
      "Repository": "CRAN",
      "Hash": "f605e522b44bd64e05a7b1406c785ba7"
    },
    "papaja": {
      "Package": "papaja",
      "Version": "0.1.0.9997",
      "Source": "GitHub",
      "Remotes": "tidymodels/broom",
      "RemoteType": "github",
      "RemoteHost": "api.github.com",
      "RemoteRepo": "papaja",
      "RemoteUsername": "crsh",
      "RemoteRef": "HEAD",
      "RemoteSha": "a231c3628ccf24359cc17f11a5bbc743e3fed920",
      "Hash": "7b4c9dc94bb988b153b1b11d3990fb83"
    },
    "pbivnorm": {
      "Package": "pbivnorm",
      "Version": "0.6.0",
      "Source": "Repository",
      "Repository": "CRAN",
      "Hash": "59cd3b0bbd2bf523e9e7c98981499bcf"
    },
    "pillar": {
      "Package": "pillar",
      "Version": "1.6.1",
      "Source": "Repository",
      "Repository": "CRAN",
      "Hash": "ab768ecabe194b08b5998f7ba44118bd"
    },
    "pkgconfig": {
      "Package": "pkgconfig",
      "Version": "2.0.3",
      "Source": "Repository",
      "Repository": "CRAN",
      "Hash": "2c4b07ad2c2fccb7aefda8d67a661b6b"
    },
    "pkgload": {
      "Package": "pkgload",
      "Version": "1.2.1",
      "Source": "Repository",
      "Repository": "CRAN",
      "Hash": "fbc124e93dbd3c431a1f232eb95ed557"
    },
    "plyr": {
      "Package": "plyr",
      "Version": "1.8.6",
      "Source": "Repository",
      "Repository": "CRAN",
      "Hash": "742ea13727cf0d7ac1ea9c762604b873"
    },
    "praise": {
      "Package": "praise",
      "Version": "1.0.0",
      "Source": "Repository",
      "Repository": "CRAN",
      "Hash": "5f067f2e59c0db1f53128d70165b527f"
    },
    "processx": {
      "Package": "processx",
      "Version": "3.5.2",
      "Source": "Repository",
      "Repository": "CRAN",
      "Hash": "34ec062a169e4abb323c82c1a9e1c411"
    },
    "proto": {
      "Package": "proto",
      "Version": "1.0.0",
      "Source": "Repository",
      "Repository": "CRAN",
      "Hash": "c9478b1d9aff8fae53dd82d26cad5d78"
    },
    "ps": {
      "Package": "ps",
      "Version": "1.6.0",
      "Source": "Repository",
      "Repository": "CRAN",
      "Hash": "c71177a65982a5935ce5d9e6c6735c29"
    },
    "psych": {
      "Package": "psych",
      "Version": "2.1.6",
      "Source": "Repository",
      "Repository": "CRAN",
      "Hash": "ab12564cf2e67da72bcd6acb7dab3eca"
    },
    "purrr": {
      "Package": "purrr",
      "Version": "0.3.4",
      "Source": "Repository",
      "Repository": "CRAN",
      "Hash": "6449b331ff2433582b3a1c7650b7fbe9"
    },
    "rematch2": {
      "Package": "rematch2",
      "Version": "2.1.2",
      "Source": "Repository",
      "Repository": "CRAN",
      "Hash": "b838a536b7d4a77018ce8aad000a10ac"
    },
    "renv": {
      "Package": "renv",
      "Version": "0.8.2",
      "Source": "Repository",
      "Repository": "CRAN",
      "Hash": "18a3884eb01ddfc056c7314440701be9"
    },
    "rlang": {
      "Package": "rlang",
      "Version": "0.4.11",
      "Source": "Repository",
      "Repository": "CRAN",
      "Hash": "c33527fc3d5cc3f90d0c443140531b48"
    },
    "rmarkdown": {
      "Package": "rmarkdown",
      "Version": "2.9",
      "Source": "Repository",
      "Repository": "CRAN",
      "Hash": "8cedb206bb22dcbf4aaabd9522380dc6"
    },
    "rmdfiltr": {
      "Package": "rmdfiltr",
      "Version": "0.1.3",
      "Source": "Repository",
      "Repository": "CRAN",
      "Hash": "43bc23e9e3b2330b30bf21a1a95994fe"
    },
    "rpf": {
      "Package": "rpf",
      "Version": "1.0.7",
      "Source": "Repository",
      "Repository": "CRAN",
      "Hash": "bb378f63ed239a4960ce73a5a391b718"
    },
    "rprojroot": {
      "Package": "rprojroot",
      "Version": "2.0.2",
      "Source": "Repository",
      "Repository": "CRAN",
      "Hash": "cf54bad2e7d9a051af68be0c86f16926"
    },
    "rstudioapi": {
      "Package": "rstudioapi",
      "Version": "0.13",
      "Source": "Repository",
      "Repository": "CRAN",
      "Hash": "e98e212d214ef9e80944e2a8eedb140f"
    },
    "scales": {
      "Package": "scales",
      "Version": "1.1.1",
      "Source": "Repository",
      "Repository": "CRAN",
      "Hash": "288381e13ce54c0502ea0903aeee963a"
    },
    "stringi": {
      "Package": "stringi",
      "Version": "1.7.3",
      "Source": "Repository",
      "Repository": "CRAN",
      "Hash": "fada714f2d9c7cc0e97ed72c230f3005"
    },
    "stringr": {
      "Package": "stringr",
      "Version": "1.4.0",
      "Source": "Repository",
      "Repository": "CRAN",
      "Hash": "d528b4c3a96f57fdc8ec810063df3829"
    },
    "sys": {
      "Package": "sys",
      "Version": "3.4",
      "Source": "Repository",
      "Repository": "CRAN",
      "Hash": "ee5615416ec8fdf9c3a8acaac01112cb"
    },
    "testthat": {
      "Package": "testthat",
      "Version": "3.0.4",
      "Source": "Repository",
      "Repository": "CRAN",
      "Hash": "2263cd9621435ddb787cc5a09e2cd9e0"
    },
    "texreg": {
      "Package": "texreg",
      "Version": "1.37.5",
      "Source": "Repository",
      "Repository": "CRAN",
      "Hash": "bec29430a623b7c54f51a9c9016af60d"
    },
    "tibble": {
      "Package": "tibble",
      "Version": "3.1.2",
      "Source": "Repository",
      "Repository": "CRAN",
      "Hash": "1094600c26f6e8ddc538a388a4b36bee"
    },
    "tidyLPA": {
      "Package": "tidyLPA",
      "Version": "2.0.0",
      "Source": "Repository",
      "Repository": "CRAN",
      "Hash": "8bbfd26b7a95003842a79f6b018179e6"
    },
    "tidySEM": {
      "Package": "tidySEM",
      "Version": "0.2.0",
      "Source": "GitHub",
      "RemoteType": "github",
      "RemoteHost": "api.github.com",
      "RemoteUsername": "cjvanlissa",
      "RemoteRepo": "tidySEM",
      "RemoteRef": "master",
      "RemoteSha": "34ac5871789b3641f6c17b180f7cd7f4e70e124b",
      "Hash": "1a81ae4587de7580cfdeb26f155a0e8f"
    },
    "tidyr": {
      "Package": "tidyr",
      "Version": "1.1.3",
      "Source": "Repository",
      "Repository": "CRAN",
      "Hash": "77d5e170007f0237340411b2ef7b5a56"
    },
    "tidyselect": {
      "Package": "tidyselect",
      "Version": "1.1.1",
      "Source": "Repository",
      "Repository": "CRAN",
      "Hash": "0d71e6f37254381bbc743b5fa08c4086"
    },
    "tinytex": {
      "Package": "tinytex",
      "Version": "0.32",
      "Source": "Repository",
      "Repository": "CRAN",
      "Hash": "8d90a2e1819c1e11f470f8096b33117c"
    },
    "tmvnsim": {
      "Package": "tmvnsim",
      "Version": "1.0-2",
      "Source": "Repository",
      "Repository": "CRAN",
      "Hash": "515493f4a5dd7535a077f4e525344135"
    },
    "utf8": {
      "Package": "utf8",
      "Version": "1.2.1",
      "Source": "Repository",
      "Repository": "CRAN",
      "Hash": "fd10b5933241437b652f26c9c6d41968"
    },
    "vctrs": {
      "Package": "vctrs",
      "Version": "0.3.8",
      "Source": "Repository",
      "Repository": "CRAN",
      "Hash": "79d3d9d430233038a7f604cdcd997501"
    },
    "viridisLite": {
      "Package": "viridisLite",
      "Version": "0.4.0",
      "Source": "Repository",
      "Repository": "CRAN",
      "Hash": "82570201197cbcd84f9f79a76cb2d5b0"
    },
    "waldo": {
      "Package": "waldo",
      "Version": "0.2.5",
      "Source": "Repository",
      "Repository": "CRAN",
      "Hash": "cf8be9c69d5bb98d0de39285bbd67ac2"
    },
    "withr": {
      "Package": "withr",
      "Version": "2.4.2",
      "Source": "Repository",
      "Repository": "CRAN",
      "Hash": "26903ba86ae76ec1e8d700dc6cc89cd0"
    },
    "xfun": {
      "Package": "xfun",
      "Version": "0.24",
      "Source": "Repository",
      "Repository": "CRAN",
      "Hash": "0199fe1205c0ac2fb80ab4c749db9653"
    },
    "xtable": {
      "Package": "xtable",
      "Version": "1.8-4",
      "Source": "Repository",
      "Repository": "CRAN",
      "Hash": "7e9bb40cbd8a4e703cd94282bed16636"
    },
    "yaml": {
      "Package": "yaml",
      "Version": "2.2.1",
      "Source": "Repository",
      "Repository": "CRAN",
      "Hash": "f7f86c8161d6f28b36a06c6763f69451"
    },
    "zip": {
      "Package": "zip",
      "Version": "2.2.0",
      "Source": "Repository",
      "Repository": "CRAN",
      "Hash": "0d4e4c8b54f29225a4c40754de929649"
    }
  }
}
