{
  "R": {
    "Version": "4.0.2",
    "Repositories": [
      {
        "Name": "CRAN",
        "URL": "https://cran.rstudio.com"
      }
    ]
  },
  "Packages": {
    "MASS": {
      "Package": "MASS",
      "Version": "7.3-53",
      "Source": "Repository",
      "Repository": "CRAN",
      "Hash": "50f011b1e7283771eaca2ef1610d55bd"
    },
    "Matrix": {
      "Package": "Matrix",
      "Version": "1.2-18",
      "Source": "Repository",
      "Repository": "CRAN",
      "Hash": "57faa25f6d4a6b2a4c0137d56d3d1caa"
    },
    "MplusAutomation": {
      "Package": "MplusAutomation",
      "Version": "0.8",
      "Source": "Bioconductor",
      "Repository": "CRAN",
      "Hash": "15f93c56e3138e271a5c10941a2222de"
    },
    "R6": {
      "Package": "R6",
      "Version": "2.5.0",
      "Source": "Repository",
      "Repository": "CRAN",
      "Hash": "c386d72874208539a1992833091e2a1b"
    },
    "RColorBrewer": {
      "Package": "RColorBrewer",
      "Version": "1.1-2",
      "Source": "Repository",
      "Repository": "CRAN",
      "Hash": "809902d01e87357da7dfab3e0ff01087"
    },
    "Rcpp": {
      "Package": "Rcpp",
      "Version": "1.0.5",
      "Source": "Repository",
      "Repository": "CRAN",
      "Hash": "b70d8cdf43de438cfeb0fabc95b80e2f"
    },
    "askpass": {
      "Package": "askpass",
      "Version": "1.1",
      "Source": "Repository",
      "Repository": "CRAN",
      "Hash": "70c0d87c618d57f418bba6960d645623"
    },
    "assertthat": {
      "Package": "assertthat",
      "Version": "0.2.1",
      "Source": "Repository",
      "Repository": "CRAN",
      "Hash": "4f2bf2582970b9294d3031c4a4628c66"
    },
    "base64enc": {
      "Package": "base64enc",
      "Version": "0.1-3",
      "Source": "Repository",
      "Repository": "CRAN",
      "Hash": "e0d7ac80256d60b416b87ac88711d4b4"
    },
    "boot": {
      "Package": "boot",
      "Version": "1.3-25",
      "Source": "Repository",
      "Repository": "CRAN",
      "Hash": "8f409eab1335e65d1b3f6633d06614ce"
    },
    "brio": {
      "Package": "brio",
      "Version": "1.1.0",
      "Source": "Repository",
      "Repository": "CRAN",
      "Hash": "b7bbfc12c752b02af5696af4fb8f08e0"
    },
    "callr": {
      "Package": "callr",
      "Version": "3.5.1",
      "Source": "Repository",
      "Repository": "CRAN",
      "Hash": "c7321d29cee8076c8778f9b4b13a13f0"
    },
    "cli": {
      "Package": "cli",
      "Version": "2.2.0",
      "Source": "Repository",
      "Repository": "CRAN",
      "Hash": "5ec7837495b7427a06ba025e12761503"
    },
    "coda": {
      "Package": "coda",
      "Version": "0.19-4",
      "Source": "Repository",
      "Repository": "CRAN",
      "Hash": "4027eb614ee6d1286369685b4884bcd8"
    },
    "colorspace": {
      "Package": "colorspace",
      "Version": "2.0-0",
      "Source": "Repository",
      "Repository": "CRAN",
      "Hash": "55247086fedc1cebbbe065583f3d45fb"
    },
    "crayon": {
      "Package": "crayon",
      "Version": "1.3.4",
      "Source": "Repository",
      "Repository": "CRAN",
      "Hash": "4fe720ae1ae43fcf231f0525edb0b134"
    },
    "curl": {
      "Package": "curl",
      "Version": "4.3",
      "Source": "Repository",
      "Repository": "CRAN",
      "Hash": "5168f99143001162086cb407847bc913"
    },
    "data.table": {
      "Package": "data.table",
      "Version": "1.13.4",
      "Source": "Repository",
      "Repository": "CRAN",
      "Hash": "f99957fa7b65e3449affde904df9f59e"
    },
    "desc": {
      "Package": "desc",
      "Version": "1.2.0",
      "Source": "Repository",
      "Repository": "CRAN",
      "Hash": "89c4eab4192fd8c44971afa4fd258581"
    },
    "diffobj": {
      "Package": "diffobj",
      "Version": "0.3.2",
      "Source": "Repository",
      "Repository": "CRAN",
      "Hash": "0e9d9e1e6d4dd822cf853a05b14f175f"
    },
    "digest": {
      "Package": "digest",
      "Version": "0.6.27",
      "Source": "Repository",
      "Repository": "CRAN",
      "Hash": "5008df1403ba93f2d08dba5e8d4740a2"
    },
    "dplyr": {
      "Package": "dplyr",
      "Version": "1.0.2",
      "Source": "Repository",
      "Repository": "CRAN",
      "Hash": "3b648ae49dae6b03f7e923ff2e280b98"
    },
    "ellipsis": {
      "Package": "ellipsis",
      "Version": "0.3.1",
      "Source": "Repository",
      "Repository": "CRAN",
      "Hash": "af4926e055f9a9944fefb2a2e9025bf1"
    },
    "english": {
      "Package": "english",
      "Version": "1.2-5",
      "Source": "Repository",
      "Repository": "CRAN",
      "Hash": "ce9e1d21671f8e2dce0079f89d410b5e"
    },
    "evaluate": {
      "Package": "evaluate",
      "Version": "0.14",
      "Source": "Repository",
      "Repository": "CRAN",
      "Hash": "e6ef7864d8f0c57609987086f9d17b4d"
    },
    "fansi": {
      "Package": "fansi",
      "Version": "0.4.1",
      "Source": "Repository",
      "Repository": "CRAN",
      "Hash": "25063d1b28ce9188a98f27b321a78b14"
    },
    "farver": {
      "Package": "farver",
      "Version": "2.0.3",
      "Source": "Repository",
      "Repository": "CRAN",
      "Hash": "95810ba851c1a90f80cd2fe8552f285f"
    },
    "generics": {
      "Package": "generics",
      "Version": "0.1.0",
      "Source": "Repository",
      "Repository": "CRAN",
      "Hash": "64609bf269bbfdfde462bf6f95144c9f"
    },
    "ggplot2": {
      "Package": "ggplot2",
      "Version": "3.3.2",
      "Source": "Repository",
      "Repository": "CRAN",
      "Hash": "a36f5c96911cf087149d22d2b8d230e4"
    },
    "glue": {
      "Package": "glue",
      "Version": "1.4.2",
      "Source": "Repository",
      "Repository": "CRAN",
      "Hash": "7f58a572011109ce2b0b59a577c00513"
    },
    "gsubfn": {
      "Package": "gsubfn",
      "Version": "0.7",
      "Source": "Repository",
      "Repository": "CRAN",
      "Hash": "edee7c0bca01b7a545eefd0a6a5022ee"
    },
    "gtable": {
      "Package": "gtable",
      "Version": "0.3.0",
      "Source": "Repository",
      "Repository": "CRAN",
      "Hash": "fa709b5ea7777926d9e9d59f6fec79c8"
    },
    "highr": {
      "Package": "highr",
      "Version": "0.8",
      "Source": "Repository",
      "Repository": "CRAN",
      "Hash": "3b5c00fb5d2852db3375d964dbf677f3"
    },
    "htmltools": {
      "Package": "htmltools",
      "Version": "0.5.0",
      "Source": "Repository",
      "Repository": "CRAN",
      "Hash": "abf3e9d8a07bf6c669f24df5a7a5658a"
    },
    "httr": {
      "Package": "httr",
      "Version": "1.4.2",
      "Source": "Repository",
      "Repository": "CRAN",
      "Hash": "a3c0556232cd4d00a1ce1397de28b333"
    },
    "isoband": {
      "Package": "isoband",
      "Version": "0.2.3",
      "Source": "Repository",
      "Repository": "CRAN",
      "Hash": "bb0dce354eae295c5625fe7be83ad2da"
    },
    "jsonlite": {
      "Package": "jsonlite",
      "Version": "1.7.2",
      "Source": "Repository",
      "Repository": "CRAN",
      "Hash": "7f986094292872000f0838fbd5a42678"
    },
    "knitr": {
      "Package": "knitr",
      "Version": "1.30",
      "Source": "Repository",
      "Repository": "CRAN",
      "Hash": "8d41baa4f7922cc639b807d9ebca606c"
    },
    "labeling": {
      "Package": "labeling",
      "Version": "0.4.2",
      "Source": "Repository",
      "Repository": "CRAN",
      "Hash": "fa70af10b1f4fbed059ff9f05bde8ea3"
    },
    "lattice": {
      "Package": "lattice",
      "Version": "0.20-41",
      "Source": "Repository",
      "Repository": "CRAN",
      "Hash": "c6512156f126b3ac34da0dddd342d346"
    },
    "lifecycle": {
      "Package": "lifecycle",
      "Version": "0.2.0",
      "Source": "Repository",
      "Repository": "CRAN",
      "Hash": "1f41b363fb94a2db01a1a1b97d796f55"
    },
    "magrittr": {
      "Package": "magrittr",
      "Version": "2.0.1",
      "Source": "Repository",
      "Repository": "CRAN",
      "Hash": "491fc94df48397a84854066ad08bcb78"
    },
    "markdown": {
      "Package": "markdown",
      "Version": "1.1",
      "Source": "Repository",
      "Repository": "CRAN",
      "Hash": "ac81b4e204459c357e029234b460ad9c"
    },
    "mclust": {
      "Package": "mclust",
      "Version": "5.4.7",
      "Source": "Repository",
      "Repository": "CRAN",
      "Hash": "36703f5553fbe78dba6e5842e3186864"
    },
    "mgcv": {
      "Package": "mgcv",
      "Version": "1.8-33",
      "Source": "Repository",
      "Repository": "CRAN",
      "Hash": "5d02b2f7ff723b90f33c4eb1d6032d5f"
    },
    "mime": {
      "Package": "mime",
      "Version": "0.9",
      "Source": "Repository",
      "Repository": "CRAN",
      "Hash": "e1c7e9396886f6fe292a0c26a9821442"
    },
    "mix": {
      "Package": "mix",
      "Version": "1.0-10",
      "Source": "Repository",
      "Repository": "CRAN",
      "Hash": "da229979ec44c9d95ec8cabd4d54611a"
    },
    "mnormt": {
      "Package": "mnormt",
      "Version": "2.0.2",
      "Source": "Repository",
      "Repository": "CRAN",
      "Hash": "8a3cd098bdf19648a6799964c79604dd"
    },
    "munsell": {
      "Package": "munsell",
      "Version": "0.5.0",
      "Source": "Repository",
      "Repository": "CRAN",
      "Hash": "a9d583ff02b928a859b6154aeb108d68"
    },
    "nlme": {
      "Package": "nlme",
      "Version": "3.1-149",
      "Source": "Repository",
      "Repository": "CRAN",
      "Hash": "ca963b2af1a1e86cc7ed57c964449ea0"
    },
    "openssl": {
      "Package": "openssl",
      "Version": "1.4.3",
      "Source": "Repository",
      "Repository": "CRAN",
      "Hash": "3d28be9ab61db42f6fb9f93c3a14118c"
    },
    "pander": {
      "Package": "pander",
      "Version": "0.6.3",
      "Source": "Repository",
      "Repository": "CRAN",
      "Hash": "1844859732e1b651fa0b0c3233395636"
    },
    "pillar": {
      "Package": "pillar",
      "Version": "1.4.7",
      "Source": "Repository",
      "Repository": "CRAN",
      "Hash": "4cfc008cecc83f00f1d90ab04b4aa8e3"
    },
    "pkgbuild": {
      "Package": "pkgbuild",
      "Version": "1.2.0",
      "Source": "Repository",
      "Repository": "CRAN",
      "Hash": "3aa8d0474470918928c807dde0b55efa"
    },
    "pkgconfig": {
      "Package": "pkgconfig",
      "Version": "2.0.3",
      "Source": "Repository",
      "Repository": "CRAN",
      "Hash": "6eaefb4637ce9b5156dc4e3d1701432f"
    },
    "pkgload": {
      "Package": "pkgload",
      "Version": "1.1.0",
      "Source": "Repository",
      "Repository": "CRAN",
      "Hash": "64517a7bd4e736d7a804e813db1d057c"
    },
    "plyr": {
      "Package": "plyr",
      "Version": "1.8.6",
      "Source": "Repository",
      "Repository": "CRAN",
      "Hash": "582eebdea54cacf5697f995ab09e361b"
    },
    "praise": {
      "Package": "praise",
      "Version": "1.0.0",
      "Source": "Repository",
      "Repository": "CRAN",
      "Hash": "d8a7913dd0d845481ec07407f2b76eca"
    },
    "prettyunits": {
      "Package": "prettyunits",
      "Version": "1.1.1",
      "Source": "Repository",
      "Repository": "CRAN",
      "Hash": "a57bdb5d88e6e60bc67f493c9b49f44b"
    },
    "processx": {
      "Package": "processx",
      "Version": "3.4.5",
      "Source": "Repository",
      "Repository": "CRAN",
      "Hash": "6bf6cbc1752a8d2126b2655914a59777"
    },
    "proto": {
      "Package": "proto",
      "Version": "1.0.0",
      "Source": "Repository",
      "Repository": "CRAN",
      "Hash": "c25706254feb0d24d8b56acda5bdccb2"
    },
    "ps": {
      "Package": "ps",
      "Version": "1.5.0",
      "Source": "Repository",
      "Repository": "CRAN",
      "Hash": "4e10de82026bfac38686bdb0b0ed1a1b"
    },
    "psych": {
      "Package": "psych",
      "Version": "2.0.12",
      "Source": "Repository",
      "Repository": "CRAN",
      "Hash": "f7722a10d1d81aeef3882ef6e1418598"
    },
    "purrr": {
      "Package": "purrr",
      "Version": "0.3.4",
      "Source": "Repository",
      "Repository": "CRAN",
      "Hash": "3bf617c0cf7cb69c5a5b2cc6bc3662a4"
    },
    "rematch2": {
      "Package": "rematch2",
      "Version": "2.1.2",
      "Source": "Repository",
      "Repository": "CRAN",
      "Hash": "ef1b1c56ce4966e2aab14d0b13b6c1cf"
    },
    "renv": {
      "Package": "renv",
      "Version": "0.8.2",
      "Source": "Repository",
      "Repository": "CRAN",
      "Hash": "01a8155e7e808589765ec76738e78d4e"
    },
    "rlang": {
      "Package": "rlang",
      "Version": "0.4.9",
      "Source": "Repository",
      "Repository": "CRAN",
      "Hash": "3df8505693bc30d17063994d533ed1bc"
    },
    "rmarkdown": {
      "Package": "rmarkdown",
      "Version": "2.6",
      "Source": "Repository",
      "Repository": "CRAN",
      "Hash": "389741791a5e5091cf85f1c80869e650"
    },
    "rprojroot": {
      "Package": "rprojroot",
      "Version": "2.0.2",
      "Source": "Repository",
      "Repository": "CRAN",
      "Hash": "315269bfe0c33d928e6a7fa7a6d7a9c2"
    },
    "rstudioapi": {
      "Package": "rstudioapi",
      "Version": "0.13",
      "Source": "Repository",
      "Repository": "CRAN",
      "Hash": "3303fbcd86a91bc76ac10129ee2d17ff"
    },
    "scales": {
      "Package": "scales",
      "Version": "1.1.1",
      "Source": "Repository",
      "Repository": "CRAN",
      "Hash": "780de75dd3da899d4330da9040b8a131"
    },
    "stringi": {
      "Package": "stringi",
      "Version": "1.5.3",
      "Source": "Repository",
      "Repository": "CRAN",
      "Hash": "68ac589a85079d2b2ce20eec98039961"
    },
    "stringr": {
      "Package": "stringr",
      "Version": "1.4.0",
      "Source": "Repository",
      "Repository": "CRAN",
      "Hash": "b976506834098fd4d288662651beb219"
    },
    "sys": {
      "Package": "sys",
      "Version": "3.4",
      "Source": "Repository",
      "Repository": "CRAN",
      "Hash": "bf7e9b78155f140f39725d23690fb78d"
    },
    "testthat": {
      "Package": "testthat",
      "Version": "3.0.1",
      "Source": "Repository",
      "Repository": "CRAN",
      "Hash": "34b72dfb44dc1d39623794f1debfc904"
    },
    "texreg": {
      "Package": "texreg",
      "Version": "1.37.5",
      "Source": "Repository",
      "Repository": "CRAN",
      "Hash": "7b17f1750d67b4dc5a52a976fabfb688"
    },
    "tibble": {
      "Package": "tibble",
      "Version": "3.0.4",
      "Source": "Repository",
      "Repository": "CRAN",
      "Hash": "126ae91fa646fd9ae32502cb629ac301"
    },
    "tidyLPA": {
      "Package": "tidyLPA",
      "Version": "1.0.9.1",
      "Source": "GitHub",
      "RemoteType": "github",
      "RemoteHost": "api.github.com",
      "RemoteUsername": "cjvanlissa",
      "RemoteRepo": "tidyLPA",
      "RemoteRef": "master",
      "RemoteSha": "3a7efdcb0c20613c5b7fceb45914cd33a3fdac6b",
      "Hash": "ae58904c28535b1ef46bbd8738023ec9"
    },
    "tidyselect": {
      "Package": "tidyselect",
      "Version": "1.1.0",
      "Source": "Repository",
      "Repository": "CRAN",
      "Hash": "4cb4bb6a0451d326e9d9d7af03a088ea"
    },
    "tinytex": {
      "Package": "tinytex",
      "Version": "0.28",
      "Source": "Repository",
      "Repository": "CRAN",
      "Hash": "d3d7180b276ff9bd25e492d838d05802"
    },
    "tmvnsim": {
      "Package": "tmvnsim",
      "Version": "1.0-2",
      "Source": "Repository",
      "Repository": "CRAN",
      "Hash": "c975e0577083b93402934c9195379fe8"
    },
    "utf8": {
      "Package": "utf8",
      "Version": "1.1.4",
      "Source": "Repository",
      "Repository": "CRAN",
      "Hash": "ba5f3fc758b225407e3e7afbb4513e47"
    },
    "vctrs": {
      "Package": "vctrs",
      "Version": "0.3.6",
      "Source": "Repository",
      "Repository": "CRAN",
      "Hash": "5b57c63f4e3ca7a5733cedba7226b835"
    },
    "viridisLite": {
      "Package": "viridisLite",
      "Version": "0.3.0",
      "Source": "Repository",
      "Repository": "CRAN",
      "Hash": "d4fcb2d4f93e17c5e4a0eab0671cdaa5"
    },
    "waldo": {
      "Package": "waldo",
      "Version": "0.2.3",
      "Source": "Repository",
      "Repository": "CRAN",
      "Hash": "2a030dd9dd8c3ab036b3cbc79f4e1563"
    },
    "withr": {
      "Package": "withr",
      "Version": "2.3.0",
      "Source": "Repository",
      "Repository": "CRAN",
      "Hash": "104dd0cf620fe5d89a06888930f43972"
    },
    "xfun": {
      "Package": "xfun",
      "Version": "0.19",
      "Source": "Repository",
      "Repository": "CRAN",
      "Hash": "be908a1d56eb0e3bb3f0fa8654bd2821"
    },
    "xtable": {
      "Package": "xtable",
      "Version": "1.8-4",
      "Source": "Repository",
      "Repository": "CRAN",
      "Hash": "6df580d4650776b202dac5f21118292a"
    },
    "yaml": {
      "Package": "yaml",
      "Version": "2.2.1",
      "Source": "Repository",
      "Repository": "CRAN",
      "Hash": "7a8b0932a410ef7cd5ee338d2d991e35"
    }
  }
}
